// !$*UTF8*$!
{
	archiveVersion = 1;
	classes = {
	};
	objectVersion = 51;
	objects = {

/* Begin PBXBuildFile section */
		A32218ED2395401000BF382C /* ComposeViewController.swift in Sources */ = {isa = PBXBuildFile; fileRef = A32218EC2395401000BF382C /* ComposeViewController.swift */; };
		A32245A9237A747600787104 /* Status.swift in Sources */ = {isa = PBXBuildFile; fileRef = A32245A8237A747600787104 /* Status.swift */; };
		A32245AB237A890100787104 /* StatusListViewModel.swift in Sources */ = {isa = PBXBuildFile; fileRef = A32245AA237A890100787104 /* StatusListViewModel.swift */; };
		A32245AD237AACED00787104 /* User.swift in Sources */ = {isa = PBXBuildFile; fileRef = A32245AC237AACED00787104 /* User.swift */; };
		A32245AF237AB50500787104 /* StatusViewModel.swift in Sources */ = {isa = PBXBuildFile; fileRef = A32245AE237AB50500787104 /* StatusViewModel.swift */; };
		A32245B2237AB78D00787104 /* StatusCell.swift in Sources */ = {isa = PBXBuildFile; fileRef = A32245B1237AB78D00787104 /* StatusCell.swift */; };
		A32245B4237AB7DD00787104 /* StatusCellTopView.swift in Sources */ = {isa = PBXBuildFile; fileRef = A32245B3237AB7DD00787104 /* StatusCellTopView.swift */; };
		A32245B6237AB7F200787104 /* StatusCellBottomView.swift in Sources */ = {isa = PBXBuildFile; fileRef = A32245B5237AB7F200787104 /* StatusCellBottomView.swift */; };
		A32245B8237B1F7B00787104 /* StatusPicView.swift in Sources */ = {isa = PBXBuildFile; fileRef = A32245B7237B1F7B00787104 /* StatusPicView.swift */; };
		A32857FC23757975009E113E /* NetWorkTools.swift in Sources */ = {isa = PBXBuildFile; fileRef = A32857FB23757975009E113E /* NetWorkTools.swift */; };
		A351360D2376A9A100ACEF3C /* UserAccountViewModel.swift in Sources */ = {isa = PBXBuildFile; fileRef = A351360C2376A9A100ACEF3C /* UserAccountViewModel.swift */; };
		A351360F2376F2BA00ACEF3C /* NewfeatureViewController.swift in Sources */ = {isa = PBXBuildFile; fileRef = A351360E2376F2BA00ACEF3C /* NewfeatureViewController.swift */; };
		A35136112377408500ACEF3C /* WelcomeViewController.swift in Sources */ = {isa = PBXBuildFile; fileRef = A35136102377408500ACEF3C /* WelcomeViewController.swift */; };
		A351361323776A4000ACEF3C /* Common.swift in Sources */ = {isa = PBXBuildFile; fileRef = A351361223776A4000ACEF3C /* Common.swift */; };
		A3569BC023957B8F008EB6CE /* UIBarButtonItem+Extension.swift in Sources */ = {isa = PBXBuildFile; fileRef = A3569BBF23957B8F008EB6CE /* UIBarButtonItem+Extension.swift */; };
		A3569BCD23959C86008EB6CE /* EmojiKeyboardView.swift in Sources */ = {isa = PBXBuildFile; fileRef = A3569BC223959C86008EB6CE /* EmojiKeyboardView.swift */; };
		A3569BCE23959C86008EB6CE /* EmoticonAttachment.swift in Sources */ = {isa = PBXBuildFile; fileRef = A3569BC323959C86008EB6CE /* EmoticonAttachment.swift */; };
		A3569BCF23959C86008EB6CE /* Emoticons.bundle in Resources */ = {isa = PBXBuildFile; fileRef = A3569BC423959C86008EB6CE /* Emoticons.bundle */; };
		A3569BD023959C86008EB6CE /* ExtensionDevice.swift in Sources */ = {isa = PBXBuildFile; fileRef = A3569BC523959C86008EB6CE /* ExtensionDevice.swift */; };
		A3569BD123959C86008EB6CE /* Emoticon.swift in Sources */ = {isa = PBXBuildFile; fileRef = A3569BC723959C86008EB6CE /* Emoticon.swift */; };
		A3569BD223959C86008EB6CE /* EmoticonManager.swift in Sources */ = {isa = PBXBuildFile; fileRef = A3569BC823959C86008EB6CE /* EmoticonManager.swift */; };
		A3569BD323959C86008EB6CE /* EmoticonPackage.swift in Sources */ = {isa = PBXBuildFile; fileRef = A3569BC923959C86008EB6CE /* EmoticonPackage.swift */; };
		A3569BD423959C86008EB6CE /* String+Emoji.swift in Sources */ = {isa = PBXBuildFile; fileRef = A3569BCA23959C86008EB6CE /* String+Emoji.swift */; };
		A3569BD623959C86008EB6CE /* UITextView+Emoticon.swift in Sources */ = {isa = PBXBuildFile; fileRef = A3569BCC23959C86008EB6CE /* UITextView+Emoticon.swift */; };
		A35BE9D4237EE89200E232E1 /* WBRefreshControl.swift in Sources */ = {isa = PBXBuildFile; fileRef = A35BE9D3237EE89200E232E1 /* WBRefreshControl.swift */; };
		A35BE9D6237EE98C00E232E1 /* WBRefreshView.xib in Resources */ = {isa = PBXBuildFile; fileRef = A35BE9D5237EE98C00E232E1 /* WBRefreshView.xib */; };
		A3CB24C1237C90A10056BA85 /* StatusNormalCell.swift in Sources */ = {isa = PBXBuildFile; fileRef = A3CB24C0237C90A10056BA85 /* StatusNormalCell.swift */; };
		A3F619C7237598080096E1F4 /* OAuthViewController.swift in Sources */ = {isa = PBXBuildFile; fileRef = A3F619C6237598080096E1F4 /* OAuthViewController.swift */; };
		A3F619C92375D7D10096E1F4 /* UserAccountModel.swift in Sources */ = {isa = PBXBuildFile; fileRef = A3F619C82375D7D10096E1F4 /* UserAccountModel.swift */; };
		A3FD8BB1236FEAD8007BA6C8 /* AppDelegate.swift in Sources */ = {isa = PBXBuildFile; fileRef = A3FD8BB0236FEAD8007BA6C8 /* AppDelegate.swift */; };
		A3FD8BB8236FEAD9007BA6C8 /* Assets.xcassets in Resources */ = {isa = PBXBuildFile; fileRef = A3FD8BB7236FEAD9007BA6C8 /* Assets.xcassets */; };
		A3FD8BCC236FF37C007BA6C8 /* MainViewController.swift in Sources */ = {isa = PBXBuildFile; fileRef = A3FD8BCB236FF37C007BA6C8 /* MainViewController.swift */; };
		A3FD8BCE236FF3D5007BA6C8 /* HomeTableViewController.swift in Sources */ = {isa = PBXBuildFile; fileRef = A3FD8BCD236FF3D5007BA6C8 /* HomeTableViewController.swift */; };
		A3FD8BD0236FF3E7007BA6C8 /* MessageTableViewController.swift in Sources */ = {isa = PBXBuildFile; fileRef = A3FD8BCF236FF3E7007BA6C8 /* MessageTableViewController.swift */; };
		A3FD8BD2236FF3F5007BA6C8 /* DiscoverTableViewController.swift in Sources */ = {isa = PBXBuildFile; fileRef = A3FD8BD1236FF3F5007BA6C8 /* DiscoverTableViewController.swift */; };
		A3FD8BD4236FF401007BA6C8 /* ProfileTableViewController.swift in Sources */ = {isa = PBXBuildFile; fileRef = A3FD8BD3236FF401007BA6C8 /* ProfileTableViewController.swift */; };
		A3FD8BD823701077007BA6C8 /* UIbutton+Extension.swift in Sources */ = {isa = PBXBuildFile; fileRef = A3FD8BD723701077007BA6C8 /* UIbutton+Extension.swift */; };
		A3FD8BDA23701BD6007BA6C8 /* VisitorTableViewController.swift in Sources */ = {isa = PBXBuildFile; fileRef = A3FD8BD923701BD6007BA6C8 /* VisitorTableViewController.swift */; };
		A3FD8BDC23701FF2007BA6C8 /* VisitorView.swift in Sources */ = {isa = PBXBuildFile; fileRef = A3FD8BDB23701FF2007BA6C8 /* VisitorView.swift */; };
		A3FD8BDE23706DD5007BA6C8 /* label+extension.swift in Sources */ = {isa = PBXBuildFile; fileRef = A3FD8BDD23706DD5007BA6C8 /* label+extension.swift */; };
		A3FF934D237C0639006B4D3C /* StatusRetweetedCell.swift in Sources */ = {isa = PBXBuildFile; fileRef = A3FF934C237C0639006B4D3C /* StatusRetweetedCell.swift */; };
		C56A148236C9B9D0103D0E7B /* Pods_sinaWeibo.framework in Frameworks */ = {isa = PBXBuildFile; fileRef = D873ED2211FFDB5598054791 /* Pods_sinaWeibo.framework */; };
/* End PBXBuildFile section */

/* Begin PBXFileReference section */
		02D494030A45F9D15ADA4AC6 /* Pods-sinaWeibo.debug.xcconfig */ = {isa = PBXFileReference; includeInIndex = 1; lastKnownFileType = text.xcconfig; name = "Pods-sinaWeibo.debug.xcconfig"; path = "Target Support Files/Pods-sinaWeibo/Pods-sinaWeibo.debug.xcconfig"; sourceTree = "<group>"; };
		8BD8A04F6CBD3843374C2978 /* Pods-sinaWeibo.release.xcconfig */ = {isa = PBXFileReference; includeInIndex = 1; lastKnownFileType = text.xcconfig; name = "Pods-sinaWeibo.release.xcconfig"; path = "Target Support Files/Pods-sinaWeibo/Pods-sinaWeibo.release.xcconfig"; sourceTree = "<group>"; };
		A32218EC2395401000BF382C /* ComposeViewController.swift */ = {isa = PBXFileReference; lastKnownFileType = sourcecode.swift; path = ComposeViewController.swift; sourceTree = "<group>"; };
		A32245A8237A747600787104 /* Status.swift */ = {isa = PBXFileReference; lastKnownFileType = sourcecode.swift; path = Status.swift; sourceTree = "<group>"; };
		A32245AA237A890100787104 /* StatusListViewModel.swift */ = {isa = PBXFileReference; lastKnownFileType = sourcecode.swift; path = StatusListViewModel.swift; sourceTree = "<group>"; };
		A32245AC237AACED00787104 /* User.swift */ = {isa = PBXFileReference; lastKnownFileType = sourcecode.swift; path = User.swift; sourceTree = "<group>"; };
		A32245AE237AB50500787104 /* StatusViewModel.swift */ = {isa = PBXFileReference; lastKnownFileType = sourcecode.swift; path = StatusViewModel.swift; sourceTree = "<group>"; };
		A32245B1237AB78D00787104 /* StatusCell.swift */ = {isa = PBXFileReference; lastKnownFileType = sourcecode.swift; path = StatusCell.swift; sourceTree = "<group>"; };
		A32245B3237AB7DD00787104 /* StatusCellTopView.swift */ = {isa = PBXFileReference; lastKnownFileType = sourcecode.swift; path = StatusCellTopView.swift; sourceTree = "<group>"; };
		A32245B5237AB7F200787104 /* StatusCellBottomView.swift */ = {isa = PBXFileReference; lastKnownFileType = sourcecode.swift; path = StatusCellBottomView.swift; sourceTree = "<group>"; };
		A32245B7237B1F7B00787104 /* StatusPicView.swift */ = {isa = PBXFileReference; lastKnownFileType = sourcecode.swift; path = StatusPicView.swift; sourceTree = "<group>"; };
		A32857FB23757975009E113E /* NetWorkTools.swift */ = {isa = PBXFileReference; lastKnownFileType = sourcecode.swift; path = NetWorkTools.swift; sourceTree = "<group>"; };
		A351360C2376A9A100ACEF3C /* UserAccountViewModel.swift */ = {isa = PBXFileReference; lastKnownFileType = sourcecode.swift; path = UserAccountViewModel.swift; sourceTree = "<group>"; };
		A351360E2376F2BA00ACEF3C /* NewfeatureViewController.swift */ = {isa = PBXFileReference; lastKnownFileType = sourcecode.swift; path = NewfeatureViewController.swift; sourceTree = "<group>"; };
		A35136102377408500ACEF3C /* WelcomeViewController.swift */ = {isa = PBXFileReference; lastKnownFileType = sourcecode.swift; path = WelcomeViewController.swift; sourceTree = "<group>"; };
		A351361223776A4000ACEF3C /* Common.swift */ = {isa = PBXFileReference; lastKnownFileType = sourcecode.swift; path = Common.swift; sourceTree = "<group>"; };
		A3569BBF23957B8F008EB6CE /* UIBarButtonItem+Extension.swift */ = {isa = PBXFileReference; lastKnownFileType = sourcecode.swift; path = "UIBarButtonItem+Extension.swift"; sourceTree = "<group>"; };
		A3569BC223959C86008EB6CE /* EmojiKeyboardView.swift */ = {isa = PBXFileReference; fileEncoding = 4; lastKnownFileType = sourcecode.swift; path = EmojiKeyboardView.swift; sourceTree = "<group>"; };
		A3569BC323959C86008EB6CE /* EmoticonAttachment.swift */ = {isa = PBXFileReference; fileEncoding = 4; lastKnownFileType = sourcecode.swift; path = EmoticonAttachment.swift; sourceTree = "<group>"; };
		A3569BC423959C86008EB6CE /* Emoticons.bundle */ = {isa = PBXFileReference; lastKnownFileType = "wrapper.plug-in"; path = Emoticons.bundle; sourceTree = "<group>"; };
		A3569BC523959C86008EB6CE /* ExtensionDevice.swift */ = {isa = PBXFileReference; fileEncoding = 4; lastKnownFileType = sourcecode.swift; path = ExtensionDevice.swift; sourceTree = "<group>"; };
		A3569BC723959C86008EB6CE /* Emoticon.swift */ = {isa = PBXFileReference; fileEncoding = 4; lastKnownFileType = sourcecode.swift; path = Emoticon.swift; sourceTree = "<group>"; };
		A3569BC823959C86008EB6CE /* EmoticonManager.swift */ = {isa = PBXFileReference; fileEncoding = 4; lastKnownFileType = sourcecode.swift; path = EmoticonManager.swift; sourceTree = "<group>"; };
		A3569BC923959C86008EB6CE /* EmoticonPackage.swift */ = {isa = PBXFileReference; fileEncoding = 4; lastKnownFileType = sourcecode.swift; path = EmoticonPackage.swift; sourceTree = "<group>"; };
		A3569BCA23959C86008EB6CE /* String+Emoji.swift */ = {isa = PBXFileReference; fileEncoding = 4; lastKnownFileType = sourcecode.swift; path = "String+Emoji.swift"; sourceTree = "<group>"; };
		A3569BCC23959C86008EB6CE /* UITextView+Emoticon.swift */ = {isa = PBXFileReference; fileEncoding = 4; lastKnownFileType = sourcecode.swift; path = "UITextView+Emoticon.swift"; sourceTree = "<group>"; };
		A35BE9D3237EE89200E232E1 /* WBRefreshControl.swift */ = {isa = PBXFileReference; lastKnownFileType = sourcecode.swift; path = WBRefreshControl.swift; sourceTree = "<group>"; };
		A35BE9D5237EE98C00E232E1 /* WBRefreshView.xib */ = {isa = PBXFileReference; lastKnownFileType = file.xib; path = WBRefreshView.xib; sourceTree = "<group>"; };
		A3CB24C0237C90A10056BA85 /* StatusNormalCell.swift */ = {isa = PBXFileReference; lastKnownFileType = sourcecode.swift; path = StatusNormalCell.swift; sourceTree = "<group>"; };
		A3F619C6237598080096E1F4 /* OAuthViewController.swift */ = {isa = PBXFileReference; lastKnownFileType = sourcecode.swift; path = OAuthViewController.swift; sourceTree = "<group>"; };
		A3F619C82375D7D10096E1F4 /* UserAccountModel.swift */ = {isa = PBXFileReference; lastKnownFileType = sourcecode.swift; path = UserAccountModel.swift; sourceTree = "<group>"; };
		A3FD8BAD236FEAD8007BA6C8 /* sinaWeibo.app */ = {isa = PBXFileReference; explicitFileType = wrapper.application; includeInIndex = 0; path = sinaWeibo.app; sourceTree = BUILT_PRODUCTS_DIR; };
		A3FD8BB0236FEAD8007BA6C8 /* AppDelegate.swift */ = {isa = PBXFileReference; lastKnownFileType = sourcecode.swift; path = AppDelegate.swift; sourceTree = "<group>"; };
		A3FD8BB7236FEAD9007BA6C8 /* Assets.xcassets */ = {isa = PBXFileReference; lastKnownFileType = folder.assetcatalog; path = Assets.xcassets; sourceTree = "<group>"; };
		A3FD8BBC236FEAD9007BA6C8 /* Info.plist */ = {isa = PBXFileReference; lastKnownFileType = text.plist.xml; path = Info.plist; sourceTree = "<group>"; };
		A3FD8BCB236FF37C007BA6C8 /* MainViewController.swift */ = {isa = PBXFileReference; lastKnownFileType = sourcecode.swift; path = MainViewController.swift; sourceTree = "<group>"; };
		A3FD8BCD236FF3D5007BA6C8 /* HomeTableViewController.swift */ = {isa = PBXFileReference; lastKnownFileType = sourcecode.swift; path = HomeTableViewController.swift; sourceTree = "<group>"; };
		A3FD8BCF236FF3E7007BA6C8 /* MessageTableViewController.swift */ = {isa = PBXFileReference; lastKnownFileType = sourcecode.swift; path = MessageTableViewController.swift; sourceTree = "<group>"; };
		A3FD8BD1236FF3F5007BA6C8 /* DiscoverTableViewController.swift */ = {isa = PBXFileReference; lastKnownFileType = sourcecode.swift; path = DiscoverTableViewController.swift; sourceTree = "<group>"; };
		A3FD8BD3236FF401007BA6C8 /* ProfileTableViewController.swift */ = {isa = PBXFileReference; lastKnownFileType = sourcecode.swift; path = ProfileTableViewController.swift; sourceTree = "<group>"; };
		A3FD8BD723701077007BA6C8 /* UIbutton+Extension.swift */ = {isa = PBXFileReference; lastKnownFileType = sourcecode.swift; path = "UIbutton+Extension.swift"; sourceTree = "<group>"; };
		A3FD8BD923701BD6007BA6C8 /* VisitorTableViewController.swift */ = {isa = PBXFileReference; lastKnownFileType = sourcecode.swift; path = VisitorTableViewController.swift; sourceTree = "<group>"; };
		A3FD8BDB23701FF2007BA6C8 /* VisitorView.swift */ = {isa = PBXFileReference; lastKnownFileType = sourcecode.swift; path = VisitorView.swift; sourceTree = "<group>"; };
		A3FD8BDD23706DD5007BA6C8 /* label+extension.swift */ = {isa = PBXFileReference; lastKnownFileType = sourcecode.swift; path = "label+extension.swift"; sourceTree = "<group>"; };
		A3FF934C237C0639006B4D3C /* StatusRetweetedCell.swift */ = {isa = PBXFileReference; lastKnownFileType = sourcecode.swift; path = StatusRetweetedCell.swift; sourceTree = "<group>"; };
		D873ED2211FFDB5598054791 /* Pods_sinaWeibo.framework */ = {isa = PBXFileReference; explicitFileType = wrapper.framework; includeInIndex = 0; path = Pods_sinaWeibo.framework; sourceTree = BUILT_PRODUCTS_DIR; };
/* End PBXFileReference section */

/* Begin PBXFrameworksBuildPhase section */
		A3FD8BAA236FEAD8007BA6C8 /* Frameworks */ = {
			isa = PBXFrameworksBuildPhase;
			buildActionMask = 2147483647;
			files = (
				C56A148236C9B9D0103D0E7B /* Pods_sinaWeibo.framework in Frameworks */,
			);
			runOnlyForDeploymentPostprocessing = 0;
		};
/* End PBXFrameworksBuildPhase section */

/* Begin PBXGroup section */
		5D7684AECB41F123BFB6C2A4 /* Frameworks */ = {
			isa = PBXGroup;
			children = (
				D873ED2211FFDB5598054791 /* Pods_sinaWeibo.framework */,
			);
			name = Frameworks;
			sourceTree = "<group>";
		};
		A32245B0237AB76800787104 /* StatusCell */ = {
			isa = PBXGroup;
			children = (
				A32245B1237AB78D00787104 /* StatusCell.swift */,
				A3FF934C237C0639006B4D3C /* StatusRetweetedCell.swift */,
				A3CB24C0237C90A10056BA85 /* StatusNormalCell.swift */,
				A32245B3237AB7DD00787104 /* StatusCellTopView.swift */,
				A32245B5237AB7F200787104 /* StatusCellBottomView.swift */,
				A32245B7237B1F7B00787104 /* StatusPicView.swift */,
			);
			path = StatusCell;
			sourceTree = "<group>";
		};
		A3569BC123959C86008EB6CE /* EmojiKeyboard */ = {
			isa = PBXGroup;
			children = (
				A3569BC223959C86008EB6CE /* EmojiKeyboardView.swift */,
				A3569BC323959C86008EB6CE /* EmoticonAttachment.swift */,
				A3569BC423959C86008EB6CE /* Emoticons.bundle */,
				A3569BC523959C86008EB6CE /* ExtensionDevice.swift */,
				A3569BC623959C86008EB6CE /* Model */,
				A3569BCA23959C86008EB6CE /* String+Emoji.swift */,
				A3569BCC23959C86008EB6CE /* UITextView+Emoticon.swift */,
			);
			path = EmojiKeyboard;
			sourceTree = "<group>";
		};
		A3569BC623959C86008EB6CE /* Model */ = {
			isa = PBXGroup;
			children = (
				A3569BC723959C86008EB6CE /* Emoticon.swift */,
				A3569BC823959C86008EB6CE /* EmoticonManager.swift */,
				A3569BC923959C86008EB6CE /* EmoticonPackage.swift */,
			);
			path = Model;
			sourceTree = "<group>";
		};
		A35BE9D0237EE7F700E232E1 /* RefreshView */ = {
			isa = PBXGroup;
			children = (
				A35BE9D3237EE89200E232E1 /* WBRefreshControl.swift */,
				A35BE9D5237EE98C00E232E1 /* WBRefreshView.xib */,
			);
			path = RefreshView;
			sourceTree = "<group>";
		};
		A3F619C5237597D70096E1F4 /* OAuth */ = {
			isa = PBXGroup;
			children = (
				A3F619C6237598080096E1F4 /* OAuthViewController.swift */,
			);
			path = OAuth;
			sourceTree = "<group>";
		};
		A3FD8BA4236FEAD8007BA6C8 = {
			isa = PBXGroup;
			children = (
				A3FD8BAF236FEAD8007BA6C8 /* sinaWeibo */,
				A3FD8BAE236FEAD8007BA6C8 /* Products */,
				F10D35294B2AE6025812D453 /* Pods */,
				5D7684AECB41F123BFB6C2A4 /* Frameworks */,
			);
			sourceTree = "<group>";
		};
		A3FD8BAE236FEAD8007BA6C8 /* Products */ = {
			isa = PBXGroup;
			children = (
				A3FD8BAD236FEAD8007BA6C8 /* sinaWeibo.app */,
			);
			name = Products;
			sourceTree = "<group>";
		};
		A3FD8BAF236FEAD8007BA6C8 /* sinaWeibo */ = {
			isa = PBXGroup;
			children = (
				A3FD8BB0236FEAD8007BA6C8 /* AppDelegate.swift */,
				A3FD8BC3236FF206007BA6C8 /* View */,
				A3FD8BC5236FF21E007BA6C8 /* ViewModel */,
				A3FD8BC4236FF20E007BA6C8 /* Controller */,
				A3FD8BC2236FF1FC007BA6C8 /* Model */,
				A3FD8BD523701005007BA6C8 /* Tools */,
				A3F619C5237597D70096E1F4 /* OAuth */,
				A3FD8BB7236FEAD9007BA6C8 /* Assets.xcassets */,
				A3FD8BBC236FEAD9007BA6C8 /* Info.plist */,
			);
			path = sinaWeibo;
			sourceTree = "<group>";
		};
		A3FD8BC2236FF1FC007BA6C8 /* Model */ = {
			isa = PBXGroup;
			children = (
				A3F619C82375D7D10096E1F4 /* UserAccountModel.swift */,
				A32245A8237A747600787104 /* Status.swift */,
				A32245AC237AACED00787104 /* User.swift */,
			);
			path = Model;
			sourceTree = "<group>";
		};
		A3FD8BC3236FF206007BA6C8 /* View */ = {
			isa = PBXGroup;
			children = (
				A3FD8BCA236FF275007BA6C8 /* Main */,
				A3FD8BC6236FF23E007BA6C8 /* Home */,
				A3FD8BC7236FF247007BA6C8 /* Message */,
				A3FD8BC8236FF258007BA6C8 /* Discover */,
				A3FD8BC9236FF265007BA6C8 /* Profile */,
			);
			path = View;
			sourceTree = "<group>";
		};
		A3FD8BC4236FF20E007BA6C8 /* Controller */ = {
			isa = PBXGroup;
			children = (
			);
			path = Controller;
			sourceTree = "<group>";
		};
		A3FD8BC5236FF21E007BA6C8 /* ViewModel */ = {
			isa = PBXGroup;
			children = (
				A351360C2376A9A100ACEF3C /* UserAccountViewModel.swift */,
				A32245AA237A890100787104 /* StatusListViewModel.swift */,
				A32245AE237AB50500787104 /* StatusViewModel.swift */,
			);
			path = ViewModel;
			sourceTree = "<group>";
		};
		A3FD8BC6236FF23E007BA6C8 /* Home */ = {
			isa = PBXGroup;
			children = (
				A35BE9D0237EE7F700E232E1 /* RefreshView */,
				A32245B0237AB76800787104 /* StatusCell */,
				A3FD8BCD236FF3D5007BA6C8 /* HomeTableViewController.swift */,
			);
			path = Home;
			sourceTree = "<group>";
		};
		A3FD8BC7236FF247007BA6C8 /* Message */ = {
			isa = PBXGroup;
			children = (
				A3FD8BCF236FF3E7007BA6C8 /* MessageTableViewController.swift */,
			);
			path = Message;
			sourceTree = "<group>";
		};
		A3FD8BC8236FF258007BA6C8 /* Discover */ = {
			isa = PBXGroup;
			children = (
				A3FD8BD1236FF3F5007BA6C8 /* DiscoverTableViewController.swift */,
			);
			path = Discover;
			sourceTree = "<group>";
		};
		A3FD8BC9236FF265007BA6C8 /* Profile */ = {
			isa = PBXGroup;
			children = (
				A3FD8BD3236FF401007BA6C8 /* ProfileTableViewController.swift */,
			);
			path = Profile;
			sourceTree = "<group>";
		};
		A3FD8BCA236FF275007BA6C8 /* Main */ = {
			isa = PBXGroup;
			children = (
				A3FD8BCB236FF37C007BA6C8 /* MainViewController.swift */,
				A3FD8BD923701BD6007BA6C8 /* VisitorTableViewController.swift */,
				A3FD8BDB23701FF2007BA6C8 /* VisitorView.swift */,
				A351360E2376F2BA00ACEF3C /* NewfeatureViewController.swift */,
				A32218EC2395401000BF382C /* ComposeViewController.swift */,
				A35136102377408500ACEF3C /* WelcomeViewController.swift */,
			);
			path = Main;
			sourceTree = "<group>";
		};
		A3FD8BD523701005007BA6C8 /* Tools */ = {
			isa = PBXGroup;
			children = (
				A3569BC123959C86008EB6CE /* EmojiKeyboard */,
				A3FD8BD623701017007BA6C8 /* Extension */,
				A32857FB23757975009E113E /* NetWorkTools.swift */,
				A351361223776A4000ACEF3C /* Common.swift */,
			);
			path = Tools;
			sourceTree = "<group>";
		};
		A3FD8BD623701017007BA6C8 /* Extension */ = {
			isa = PBXGroup;
			children = (
				A3FD8BD723701077007BA6C8 /* UIbutton+Extension.swift */,
				A3FD8BDD23706DD5007BA6C8 /* label+extension.swift */,
				A3569BBF23957B8F008EB6CE /* UIBarButtonItem+Extension.swift */,
			);
			path = Extension;
			sourceTree = "<group>";
		};
		F10D35294B2AE6025812D453 /* Pods */ = {
			isa = PBXGroup;
			children = (
				02D494030A45F9D15ADA4AC6 /* Pods-sinaWeibo.debug.xcconfig */,
				8BD8A04F6CBD3843374C2978 /* Pods-sinaWeibo.release.xcconfig */,
			);
			path = Pods;
			sourceTree = "<group>";
		};
/* End PBXGroup section */

/* Begin PBXNativeTarget section */
		A3FD8BAC236FEAD8007BA6C8 /* sinaWeibo */ = {
			isa = PBXNativeTarget;
			buildConfigurationList = A3FD8BBF236FEAD9007BA6C8 /* Build configuration list for PBXNativeTarget "sinaWeibo" */;
			buildPhases = (
				BEB5F476250E5AE17F67F28B /* [CP] Check Pods Manifest.lock */,
				A3FD8BA9236FEAD8007BA6C8 /* Sources */,
				A3FD8BAA236FEAD8007BA6C8 /* Frameworks */,
				A3FD8BAB236FEAD8007BA6C8 /* Resources */,
				229DFDE1C273D15AD1DFD2FA /* [CP] Embed Pods Frameworks */,
			);
			buildRules = (
			);
			dependencies = (
			);
			name = sinaWeibo;
			productName = sinaWeibo;
			productReference = A3FD8BAD236FEAD8007BA6C8 /* sinaWeibo.app */;
			productType = "com.apple.product-type.application";
		};
/* End PBXNativeTarget section */

/* Begin PBXProject section */
		A3FD8BA5236FEAD8007BA6C8 /* Project object */ = {
			isa = PBXProject;
			attributes = {
				LastSwiftUpdateCheck = 1010;
				LastUpgradeCheck = 1010;
				ORGANIZATIONNAME = Sunny;
				TargetAttributes = {
					A3FD8BAC236FEAD8007BA6C8 = {
						CreatedOnToolsVersion = 10.1;
					};
				};
			};
			buildConfigurationList = A3FD8BA8236FEAD8007BA6C8 /* Build configuration list for PBXProject "sinaWeibo" */;
			compatibilityVersion = "Xcode 9.3";
			developmentRegion = en;
			hasScannedForEncodings = 0;
			knownRegions = (
				en,
				Base,
			);
			mainGroup = A3FD8BA4236FEAD8007BA6C8;
			productRefGroup = A3FD8BAE236FEAD8007BA6C8 /* Products */;
			projectDirPath = "";
			projectRoot = "";
			targets = (
				A3FD8BAC236FEAD8007BA6C8 /* sinaWeibo */,
			);
		};
/* End PBXProject section */

/* Begin PBXResourcesBuildPhase section */
		A3FD8BAB236FEAD8007BA6C8 /* Resources */ = {
			isa = PBXResourcesBuildPhase;
			buildActionMask = 2147483647;
			files = (
				A35BE9D6237EE98C00E232E1 /* WBRefreshView.xib in Resources */,
				A3569BCF23959C86008EB6CE /* Emoticons.bundle in Resources */,
				A3FD8BB8236FEAD9007BA6C8 /* Assets.xcassets in Resources */,
			);
			runOnlyForDeploymentPostprocessing = 0;
		};
/* End PBXResourcesBuildPhase section */

/* Begin PBXShellScriptBuildPhase section */
		229DFDE1C273D15AD1DFD2FA /* [CP] Embed Pods Frameworks */ = {
			isa = PBXShellScriptBuildPhase;
			buildActionMask = 2147483647;
			files = (
			);
			inputFileListPaths = (
				"${PODS_ROOT}/Target Support Files/Pods-sinaWeibo/Pods-sinaWeibo-frameworks-${CONFIGURATION}-input-files.xcfilelist",
			);
			name = "[CP] Embed Pods Frameworks";
			outputFileListPaths = (
				"${PODS_ROOT}/Target Support Files/Pods-sinaWeibo/Pods-sinaWeibo-frameworks-${CONFIGURATION}-output-files.xcfilelist",
			);
			runOnlyForDeploymentPostprocessing = 0;
			shellPath = /bin/sh;
			shellScript = "\"${PODS_ROOT}/Target Support Files/Pods-sinaWeibo/Pods-sinaWeibo-frameworks.sh\"\n";
			showEnvVarsInLog = 0;
		};
		BEB5F476250E5AE17F67F28B /* [CP] Check Pods Manifest.lock */ = {
			isa = PBXShellScriptBuildPhase;
			buildActionMask = 2147483647;
			files = (
			);
			inputFileListPaths = (
			);
			inputPaths = (
				"${PODS_PODFILE_DIR_PATH}/Podfile.lock",
				"${PODS_ROOT}/Manifest.lock",
			);
			name = "[CP] Check Pods Manifest.lock";
			outputFileListPaths = (
			);
			outputPaths = (
				"$(DERIVED_FILE_DIR)/Pods-sinaWeibo-checkManifestLockResult.txt",
			);
			runOnlyForDeploymentPostprocessing = 0;
			shellPath = /bin/sh;
			shellScript = "diff \"${PODS_PODFILE_DIR_PATH}/Podfile.lock\" \"${PODS_ROOT}/Manifest.lock\" > /dev/null\nif [ $? != 0 ] ; then\n    # print error to STDERR\n    echo \"error: The sandbox is not in sync with the Podfile.lock. Run 'pod install' or update your CocoaPods installation.\" >&2\n    exit 1\nfi\n# This output is used by Xcode 'outputs' to avoid re-running this script phase.\necho \"SUCCESS\" > \"${SCRIPT_OUTPUT_FILE_0}\"\n";
			showEnvVarsInLog = 0;
		};
/* End PBXShellScriptBuildPhase section */

/* Begin PBXSourcesBuildPhase section */
		A3FD8BA9236FEAD8007BA6C8 /* Sources */ = {
			isa = PBXSourcesBuildPhase;
			buildActionMask = 2147483647;
			files = (
				A32218ED2395401000BF382C /* ComposeViewController.swift in Sources */,
				A351361323776A4000ACEF3C /* Common.swift in Sources */,
				A3569BD323959C86008EB6CE /* EmoticonPackage.swift in Sources */,
				A32245AF237AB50500787104 /* StatusViewModel.swift in Sources */,
				A35BE9D4237EE89200E232E1 /* WBRefreshControl.swift in Sources */,
				A32245AB237A890100787104 /* StatusListViewModel.swift in Sources */,
				A3569BD123959C86008EB6CE /* Emoticon.swift in Sources */,
				A3FF934D237C0639006B4D3C /* StatusRetweetedCell.swift in Sources */,
				A3F619C92375D7D10096E1F4 /* UserAccountModel.swift in Sources */,
				A35136112377408500ACEF3C /* WelcomeViewController.swift in Sources */,
				A32245B4237AB7DD00787104 /* StatusCellTopView.swift in Sources */,
				A3CB24C1237C90A10056BA85 /* StatusNormalCell.swift in Sources */,
				A351360F2376F2BA00ACEF3C /* NewfeatureViewController.swift in Sources */,
				A3FD8BD4236FF401007BA6C8 /* ProfileTableViewController.swift in Sources */,
				A3569BD623959C86008EB6CE /* UITextView+Emoticon.swift in Sources */,
				A3569BD423959C86008EB6CE /* String+Emoji.swift in Sources */,
				A3569BD023959C86008EB6CE /* ExtensionDevice.swift in Sources */,
				A32245A9237A747600787104 /* Status.swift in Sources */,
				A3569BCD23959C86008EB6CE /* EmojiKeyboardView.swift in Sources */,
				A32245B6237AB7F200787104 /* StatusCellBottomView.swift in Sources */,
				A32245B8237B1F7B00787104 /* StatusPicView.swift in Sources */,
				A3FD8BCE236FF3D5007BA6C8 /* HomeTableViewController.swift in Sources */,
				A32245AD237AACED00787104 /* User.swift in Sources */,
				A3FD8BD823701077007BA6C8 /* UIbutton+Extension.swift in Sources */,
				A3FD8BB1236FEAD8007BA6C8 /* AppDelegate.swift in Sources */,
				A3F619C7237598080096E1F4 /* OAuthViewController.swift in Sources */,
				A3FD8BDE23706DD5007BA6C8 /* label+extension.swift in Sources */,
				A351360D2376A9A100ACEF3C /* UserAccountViewModel.swift in Sources */,
				A3569BC023957B8F008EB6CE /* UIBarButtonItem+Extension.swift in Sources */,
				A32245B2237AB78D00787104 /* StatusCell.swift in Sources */,
				A3569BD223959C86008EB6CE /* EmoticonManager.swift in Sources */,
				A3FD8BDA23701BD6007BA6C8 /* VisitorTableViewController.swift in Sources */,
				A3569BCE23959C86008EB6CE /* EmoticonAttachment.swift in Sources */,
				A3FD8BD0236FF3E7007BA6C8 /* MessageTableViewController.swift in Sources */,
				A3FD8BDC23701FF2007BA6C8 /* VisitorView.swift in Sources */,
				A3FD8BD2236FF3F5007BA6C8 /* DiscoverTableViewController.swift in Sources */,
				A32857FC23757975009E113E /* NetWorkTools.swift in Sources */,
				A3FD8BCC236FF37C007BA6C8 /* MainViewController.swift in Sources */,
			);
			runOnlyForDeploymentPostprocessing = 0;
		};
/* End PBXSourcesBuildPhase section */

/* Begin XCBuildConfiguration section */
		A3FD8BBD236FEAD9007BA6C8 /* Debug */ = {
			isa = XCBuildConfiguration;
			buildSettings = {
				ALWAYS_SEARCH_USER_PATHS = NO;
				CLANG_ANALYZER_NONNULL = YES;
				CLANG_ANALYZER_NUMBER_OBJECT_CONVERSION = YES_AGGRESSIVE;
				CLANG_CXX_LANGUAGE_STANDARD = "gnu++14";
				CLANG_CXX_LIBRARY = "libc++";
				CLANG_ENABLE_MODULES = YES;
				CLANG_ENABLE_OBJC_ARC = YES;
				CLANG_ENABLE_OBJC_WEAK = YES;
				CLANG_WARN_BLOCK_CAPTURE_AUTORELEASING = YES;
				CLANG_WARN_BOOL_CONVERSION = YES;
				CLANG_WARN_COMMA = YES;
				CLANG_WARN_CONSTANT_CONVERSION = YES;
				CLANG_WARN_DEPRECATED_OBJC_IMPLEMENTATIONS = YES;
				CLANG_WARN_DIRECT_OBJC_ISA_USAGE = YES_ERROR;
				CLANG_WARN_DOCUMENTATION_COMMENTS = YES;
				CLANG_WARN_EMPTY_BODY = YES;
				CLANG_WARN_ENUM_CONVERSION = YES;
				CLANG_WARN_INFINITE_RECURSION = YES;
				CLANG_WARN_INT_CONVERSION = YES;
				CLANG_WARN_NON_LITERAL_NULL_CONVERSION = YES;
				CLANG_WARN_OBJC_IMPLICIT_RETAIN_SELF = YES;
				CLANG_WARN_OBJC_LITERAL_CONVERSION = YES;
				CLANG_WARN_OBJC_ROOT_CLASS = YES_ERROR;
				CLANG_WARN_RANGE_LOOP_ANALYSIS = YES;
				CLANG_WARN_STRICT_PROTOTYPES = YES;
				CLANG_WARN_SUSPICIOUS_MOVE = YES;
				CLANG_WARN_UNGUARDED_AVAILABILITY = YES_AGGRESSIVE;
				CLANG_WARN_UNREACHABLE_CODE = YES;
				CLANG_WARN__DUPLICATE_METHOD_MATCH = YES;
				CODE_SIGN_IDENTITY = "iPhone Developer";
				COPY_PHASE_STRIP = NO;
				DEBUG_INFORMATION_FORMAT = dwarf;
				ENABLE_STRICT_OBJC_MSGSEND = YES;
				ENABLE_TESTABILITY = YES;
				GCC_C_LANGUAGE_STANDARD = gnu11;
				GCC_DYNAMIC_NO_PIC = NO;
				GCC_NO_COMMON_BLOCKS = YES;
				GCC_OPTIMIZATION_LEVEL = 0;
				GCC_PREPROCESSOR_DEFINITIONS = (
					"DEBUG=1",
					"$(inherited)",
				);
				GCC_WARN_64_TO_32_BIT_CONVERSION = YES;
				GCC_WARN_ABOUT_RETURN_TYPE = YES_ERROR;
				GCC_WARN_UNDECLARED_SELECTOR = YES;
				GCC_WARN_UNINITIALIZED_AUTOS = YES_AGGRESSIVE;
				GCC_WARN_UNUSED_FUNCTION = YES;
				GCC_WARN_UNUSED_VARIABLE = YES;
				IPHONEOS_DEPLOYMENT_TARGET = 12.0;
				MTL_ENABLE_DEBUG_INFO = INCLUDE_SOURCE;
				MTL_FAST_MATH = YES;
				ONLY_ACTIVE_ARCH = YES;
				SDKROOT = iphoneos;
				SWIFT_ACTIVE_COMPILATION_CONDITIONS = DEBUG;
				SWIFT_OPTIMIZATION_LEVEL = "-Onone";
			};
			name = Debug;
		};
		A3FD8BBE236FEAD9007BA6C8 /* Release */ = {
			isa = XCBuildConfiguration;
			buildSettings = {
				ALWAYS_SEARCH_USER_PATHS = NO;
				CLANG_ANALYZER_NONNULL = YES;
				CLANG_ANALYZER_NUMBER_OBJECT_CONVERSION = YES_AGGRESSIVE;
				CLANG_CXX_LANGUAGE_STANDARD = "gnu++14";
				CLANG_CXX_LIBRARY = "libc++";
				CLANG_ENABLE_MODULES = YES;
				CLANG_ENABLE_OBJC_ARC = YES;
				CLANG_ENABLE_OBJC_WEAK = YES;
				CLANG_WARN_BLOCK_CAPTURE_AUTORELEASING = YES;
				CLANG_WARN_BOOL_CONVERSION = YES;
				CLANG_WARN_COMMA = YES;
				CLANG_WARN_CONSTANT_CONVERSION = YES;
				CLANG_WARN_DEPRECATED_OBJC_IMPLEMENTATIONS = YES;
				CLANG_WARN_DIRECT_OBJC_ISA_USAGE = YES_ERROR;
				CLANG_WARN_DOCUMENTATION_COMMENTS = YES;
				CLANG_WARN_EMPTY_BODY = YES;
				CLANG_WARN_ENUM_CONVERSION = YES;
				CLANG_WARN_INFINITE_RECURSION = YES;
				CLANG_WARN_INT_CONVERSION = YES;
				CLANG_WARN_NON_LITERAL_NULL_CONVERSION = YES;
				CLANG_WARN_OBJC_IMPLICIT_RETAIN_SELF = YES;
				CLANG_WARN_OBJC_LITERAL_CONVERSION = YES;
				CLANG_WARN_OBJC_ROOT_CLASS = YES_ERROR;
				CLANG_WARN_RANGE_LOOP_ANALYSIS = YES;
				CLANG_WARN_STRICT_PROTOTYPES = YES;
				CLANG_WARN_SUSPICIOUS_MOVE = YES;
				CLANG_WARN_UNGUARDED_AVAILABILITY = YES_AGGRESSIVE;
				CLANG_WARN_UNREACHABLE_CODE = YES;
				CLANG_WARN__DUPLICATE_METHOD_MATCH = YES;
				CODE_SIGN_IDENTITY = "iPhone Developer";
				COPY_PHASE_STRIP = NO;
				DEBUG_INFORMATION_FORMAT = "dwarf-with-dsym";
				ENABLE_NS_ASSERTIONS = NO;
				ENABLE_STRICT_OBJC_MSGSEND = YES;
				GCC_C_LANGUAGE_STANDARD = gnu11;
				GCC_NO_COMMON_BLOCKS = YES;
				GCC_WARN_64_TO_32_BIT_CONVERSION = YES;
				GCC_WARN_ABOUT_RETURN_TYPE = YES_ERROR;
				GCC_WARN_UNDECLARED_SELECTOR = YES;
				GCC_WARN_UNINITIALIZED_AUTOS = YES_AGGRESSIVE;
				GCC_WARN_UNUSED_FUNCTION = YES;
				GCC_WARN_UNUSED_VARIABLE = YES;
				IPHONEOS_DEPLOYMENT_TARGET = 12.0;
				MTL_ENABLE_DEBUG_INFO = NO;
				MTL_FAST_MATH = YES;
				SDKROOT = iphoneos;
				SWIFT_COMPILATION_MODE = wholemodule;
				SWIFT_OPTIMIZATION_LEVEL = "-O";
				VALIDATE_PRODUCT = YES;
			};
			name = Release;
		};
		A3FD8BC0236FEAD9007BA6C8 /* Debug */ = {
			isa = XCBuildConfiguration;
			baseConfigurationReference = 02D494030A45F9D15ADA4AC6 /* Pods-sinaWeibo.debug.xcconfig */;
			buildSettings = {
				ASSETCATALOG_COMPILER_APPICON_NAME = AppIcon;
				ASSETCATALOG_COMPILER_LAUNCHIMAGE_NAME = LaunchImage;
				CODE_SIGN_STYLE = Automatic;
				DEVELOPMENT_TEAM = N4WCL3VC5Z;
				INFOPLIST_FILE = sinaWeibo/Info.plist;
				IPHONEOS_DEPLOYMENT_TARGET = 12.0;
				LD_RUNPATH_SEARCH_PATHS = (
					"$(inherited)",
					"@executable_path/Frameworks",
				);
				PRODUCT_BUNDLE_IDENTIFIER = sunnyss.sinaWeibo;
				PRODUCT_NAME = "$(TARGET_NAME)";
				SWIFT_VERSION = 4.2;
				TARGETED_DEVICE_FAMILY = 1;
			};
			name = Debug;
		};
		A3FD8BC1236FEAD9007BA6C8 /* Release */ = {
			isa = XCBuildConfiguration;
			baseConfigurationReference = 8BD8A04F6CBD3843374C2978 /* Pods-sinaWeibo.release.xcconfig */;
			buildSettings = {
				ASSETCATALOG_COMPILER_APPICON_NAME = AppIcon;
				ASSETCATALOG_COMPILER_LAUNCHIMAGE_NAME = LaunchImage;
				CODE_SIGN_STYLE = Automatic;
				DEVELOPMENT_TEAM = N4WCL3VC5Z;
				INFOPLIST_FILE = sinaWeibo/Info.plist;
				IPHONEOS_DEPLOYMENT_TARGET = 12.0;
				LD_RUNPATH_SEARCH_PATHS = (
					"$(inherited)",
					"@executable_path/Frameworks",
				);
				PRODUCT_BUNDLE_IDENTIFIER = sunnyss.sinaWeibo;
				PRODUCT_NAME = "$(TARGET_NAME)";
				SWIFT_VERSION = 4.2;
				TARGETED_DEVICE_FAMILY = 1;
			};
			name = Release;
		};
/* End XCBuildConfiguration section */

/* Begin XCConfigurationList section */
		A3FD8BA8236FEAD8007BA6C8 /* Build configuration list for PBXProject "sinaWeibo" */ = {
			isa = XCConfigurationList;
			buildConfigurations = (
				A3FD8BBD236FEAD9007BA6C8 /* Debug */,
				A3FD8BBE236FEAD9007BA6C8 /* Release */,
			);
			defaultConfigurationIsVisible = 0;
			defaultConfigurationName = Release;
		};
		A3FD8BBF236FEAD9007BA6C8 /* Build configuration list for PBXNativeTarget "sinaWeibo" */ = {
			isa = XCConfigurationList;
			buildConfigurations = (
				A3FD8BC0236FEAD9007BA6C8 /* Debug */,
				A3FD8BC1236FEAD9007BA6C8 /* Release */,
			);
			defaultConfigurationIsVisible = 0;
			defaultConfigurationName = Release;
		};
/* End XCConfigurationList section */
	};
	rootObject = A3FD8BA5236FEAD8007BA6C8 /* Project object */;
}
